// !$*UTF8*$!
{
	archiveVersion = 1;
	classes = {
	};
	objectVersion = 46;
	objects = {

/* Begin PBXBuildFile section */
		F9990FD01B41D393005D6A5D /* AppDelegate.swift in Sources */ = {isa = PBXBuildFile; fileRef = F9990FCF1B41D393005D6A5D /* AppDelegate.swift */; };
		F9990FD21B41D393005D6A5D /* ViewController.swift in Sources */ = {isa = PBXBuildFile; fileRef = F9990FD11B41D393005D6A5D /* ViewController.swift */; };
		F9990FD51B41D393005D6A5D /* Main.storyboard in Resources */ = {isa = PBXBuildFile; fileRef = F9990FD31B41D393005D6A5D /* Main.storyboard */; };
		F9990FD71B41D393005D6A5D /* Images.xcassets in Resources */ = {isa = PBXBuildFile; fileRef = F9990FD61B41D393005D6A5D /* Images.xcassets */; };
		F9990FDA1B41D393005D6A5D /* LaunchScreen.xib in Resources */ = {isa = PBXBuildFile; fileRef = F9990FD81B41D393005D6A5D /* LaunchScreen.xib */; };
		F9990FE61B41D394005D6A5D /* ProfileWithScrollTests.swift in Sources */ = {isa = PBXBuildFile; fileRef = F9990FE51B41D394005D6A5D /* ProfileWithScrollTests.swift */; };
/* End PBXBuildFile section */

/* Begin PBXContainerItemProxy section */
		F9990FE01B41D394005D6A5D /* PBXContainerItemProxy */ = {
			isa = PBXContainerItemProxy;
			containerPortal = F9990FC21B41D393005D6A5D /* Project object */;
			proxyType = 1;
			remoteGlobalIDString = F9990FC91B41D393005D6A5D;
			remoteInfo = ProfileWithScroll;
		};
/* End PBXContainerItemProxy section */

/* Begin PBXFileReference section */
		F9990FCA1B41D393005D6A5D /* ProfileWithScroll.app */ = {isa = PBXFileReference; explicitFileType = wrapper.application; includeInIndex = 0; path = ProfileWithScroll.app; sourceTree = BUILT_PRODUCTS_DIR; };
		F9990FCE1B41D393005D6A5D /* Info.plist */ = {isa = PBXFileReference; lastKnownFileType = text.plist.xml; path = Info.plist; sourceTree = "<group>"; };
		F9990FCF1B41D393005D6A5D /* AppDelegate.swift */ = {isa = PBXFileReference; lastKnownFileType = sourcecode.swift; path = AppDelegate.swift; sourceTree = "<group>"; };
		F9990FD11B41D393005D6A5D /* ViewController.swift */ = {isa = PBXFileReference; lastKnownFileType = sourcecode.swift; path = ViewController.swift; sourceTree = "<group>"; };
		F9990FD41B41D393005D6A5D /* Base */ = {isa = PBXFileReference; lastKnownFileType = file.storyboard; name = Base; path = Base.lproj/Main.storyboard; sourceTree = "<group>"; };
		F9990FD61B41D393005D6A5D /* Images.xcassets */ = {isa = PBXFileReference; lastKnownFileType = folder.assetcatalog; path = Images.xcassets; sourceTree = "<group>"; };
		F9990FD91B41D393005D6A5D /* Base */ = {isa = PBXFileReference; lastKnownFileType = file.xib; name = Base; path = Base.lproj/LaunchScreen.xib; sourceTree = "<group>"; };
		F9990FDF1B41D394005D6A5D /* ProfileWithScrollTests.xctest */ = {isa = PBXFileReference; explicitFileType = wrapper.cfbundle; includeInIndex = 0; path = ProfileWithScrollTests.xctest; sourceTree = BUILT_PRODUCTS_DIR; };
		F9990FE41B41D394005D6A5D /* Info.plist */ = {isa = PBXFileReference; lastKnownFileType = text.plist.xml; path = Info.plist; sourceTree = "<group>"; };
		F9990FE51B41D394005D6A5D /* ProfileWithScrollTests.swift */ = {isa = PBXFileReference; lastKnownFileType = sourcecode.swift; path = ProfileWithScrollTests.swift; sourceTree = "<group>"; };
/* End PBXFileReference section */

/* Begin PBXFrameworksBuildPhase section */
		F9990FC71B41D393005D6A5D /* Frameworks */ = {
			isa = PBXFrameworksBuildPhase;
			buildActionMask = 2147483647;
			files = (
			);
			runOnlyForDeploymentPostprocessing = 0;
		};
		F9990FDC1B41D394005D6A5D /* Frameworks */ = {
			isa = PBXFrameworksBuildPhase;
			buildActionMask = 2147483647;
			files = (
			);
			runOnlyForDeploymentPostprocessing = 0;
		};
/* End PBXFrameworksBuildPhase section */

/* Begin PBXGroup section */
		F9990FC11B41D393005D6A5D = {
			isa = PBXGroup;
			children = (
				F9990FCC1B41D393005D6A5D /* ProfileWithScroll */,
				F9990FE21B41D394005D6A5D /* ProfileWithScrollTests */,
				F9990FCB1B41D393005D6A5D /* Products */,
			);
			sourceTree = "<group>";
		};
		F9990FCB1B41D393005D6A5D /* Products */ = {
			isa = PBXGroup;
			children = (
				F9990FCA1B41D393005D6A5D /* ProfileWithScroll.app */,
				F9990FDF1B41D394005D6A5D /* ProfileWithScrollTests.xctest */,
			);
			name = Products;
			sourceTree = "<group>";
		};
		F9990FCC1B41D393005D6A5D /* ProfileWithScroll */ = {
			isa = PBXGroup;
			children = (
				F9990FCF1B41D393005D6A5D /* AppDelegate.swift */,
				F9990FD11B41D393005D6A5D /* ViewController.swift */,
				F9990FD31B41D393005D6A5D /* Main.storyboard */,
				F9990FD61B41D393005D6A5D /* Images.xcassets */,
				F9990FD81B41D393005D6A5D /* LaunchScreen.xib */,
				F9990FCD1B41D393005D6A5D /* Supporting Files */,
			);
			path = ProfileWithScroll;
			sourceTree = "<group>";
		};
		F9990FCD1B41D393005D6A5D /* Supporting Files */ = {
			isa = PBXGroup;
			children = (
				F9990FCE1B41D393005D6A5D /* Info.plist */,
			);
			name = "Supporting Files";
			sourceTree = "<group>";
		};
		F9990FE21B41D394005D6A5D /* ProfileWithScrollTests */ = {
			isa = PBXGroup;
			children = (
				F9990FE51B41D394005D6A5D /* ProfileWithScrollTests.swift */,
				F9990FE31B41D394005D6A5D /* Supporting Files */,
			);
			path = ProfileWithScrollTests;
			sourceTree = "<group>";
		};
		F9990FE31B41D394005D6A5D /* Supporting Files */ = {
			isa = PBXGroup;
			children = (
				F9990FE41B41D394005D6A5D /* Info.plist */,
			);
			name = "Supporting Files";
			sourceTree = "<group>";
		};
/* End PBXGroup section */

/* Begin PBXNativeTarget section */
		F9990FC91B41D393005D6A5D /* ProfileWithScroll */ = {
			isa = PBXNativeTarget;
			buildConfigurationList = F9990FE91B41D394005D6A5D /* Build configuration list for PBXNativeTarget "ProfileWithScroll" */;
			buildPhases = (
				F9990FC61B41D393005D6A5D /* Sources */,
				F9990FC71B41D393005D6A5D /* Frameworks */,
				F9990FC81B41D393005D6A5D /* Resources */,
			);
			buildRules = (
			);
			dependencies = (
			);
			name = ProfileWithScroll;
			productName = ProfileWithScroll;
			productReference = F9990FCA1B41D393005D6A5D /* ProfileWithScroll.app */;
			productType = "com.apple.product-type.application";
		};
		F9990FDE1B41D394005D6A5D /* ProfileWithScrollTests */ = {
			isa = PBXNativeTarget;
			buildConfigurationList = F9990FEC1B41D394005D6A5D /* Build configuration list for PBXNativeTarget "ProfileWithScrollTests" */;
			buildPhases = (
				F9990FDB1B41D394005D6A5D /* Sources */,
				F9990FDC1B41D394005D6A5D /* Frameworks */,
				F9990FDD1B41D394005D6A5D /* Resources */,
			);
			buildRules = (
			);
			dependencies = (
				F9990FE11B41D394005D6A5D /* PBXTargetDependency */,
			);
			name = ProfileWithScrollTests;
			productName = ProfileWithScrollTests;
			productReference = F9990FDF1B41D394005D6A5D /* ProfileWithScrollTests.xctest */;
			productType = "com.apple.product-type.bundle.unit-test";
		};
/* End PBXNativeTarget section */

/* Begin PBXProject section */
		F9990FC21B41D393005D6A5D /* Project object */ = {
			isa = PBXProject;
			attributes = {
				LastUpgradeCheck = 0630;
				TargetAttributes = {
					F9990FC91B41D393005D6A5D = {
						CreatedOnToolsVersion = 6.3.2;
					};
					F9990FDE1B41D394005D6A5D = {
						CreatedOnToolsVersion = 6.3.2;
						TestTargetID = F9990FC91B41D393005D6A5D;
					};
				};
			};
			buildConfigurationList = F9990FC51B41D393005D6A5D /* Build configuration list for PBXProject "ProfileWithScroll" */;
			compatibilityVersion = "Xcode 3.2";
			developmentRegion = English;
			hasScannedForEncodings = 0;
			knownRegions = (
				en,
				Base,
			);
			mainGroup = F9990FC11B41D393005D6A5D;
			productRefGroup = F9990FCB1B41D393005D6A5D /* Products */;
			projectDirPath = "";
			projectRoot = "";
			targets = (
				F9990FC91B41D393005D6A5D /* ProfileWithScroll */,
				F9990FDE1B41D394005D6A5D /* ProfileWithScrollTests */,
			);
		};
/* End PBXProject section */

/* Begin PBXResourcesBuildPhase section */
		F9990FC81B41D393005D6A5D /* Resources */ = {
			isa = PBXResourcesBuildPhase;
			buildActionMask = 2147483647;
			files = (
				F9990FD51B41D393005D6A5D /* Main.storyboard in Resources */,
				F9990FDA1B41D393005D6A5D /* LaunchScreen.xib in Resources */,
				F9990FD71B41D393005D6A5D /* Images.xcassets in Resources */,
			);
			runOnlyForDeploymentPostprocessing = 0;
		};
		F9990FDD1B41D394005D6A5D /* Resources */ = {
			isa = PBXResourcesBuildPhase;
			buildActionMask = 2147483647;
			files = (
			);
			runOnlyForDeploymentPostprocessing = 0;
		};
/* End PBXResourcesBuildPhase section */

/* Begin PBXSourcesBuildPhase section */
		F9990FC61B41D393005D6A5D /* Sources */ = {
			isa = PBXSourcesBuildPhase;
			buildActionMask = 2147483647;
			files = (
				F9990FD21B41D393005D6A5D /* ViewController.swift in Sources */,
				F9990FD01B41D393005D6A5D /* AppDelegate.swift in Sources */,
			);
			runOnlyForDeploymentPostprocessing = 0;
		};
		F9990FDB1B41D394005D6A5D /* Sources */ = {
			isa = PBXSourcesBuildPhase;
			buildActionMask = 2147483647;
			files = (
				F9990FE61B41D394005D6A5D /* ProfileWithScrollTests.swift in Sources */,
			);
			runOnlyForDeploymentPostprocessing = 0;
		};
/* End PBXSourcesBuildPhase section */

/* Begin PBXTargetDependency section */
		F9990FE11B41D394005D6A5D /* PBXTargetDependency */ = {
			isa = PBXTargetDependency;
			target = F9990FC91B41D393005D6A5D /* ProfileWithScroll */;
			targetProxy = F9990FE01B41D394005D6A5D /* PBXContainerItemProxy */;
		};
/* End PBXTargetDependency section */

/* Begin PBXVariantGroup section */
		F9990FD31B41D393005D6A5D /* Main.storyboard */ = {
			isa = PBXVariantGroup;
			children = (
				F9990FD41B41D393005D6A5D /* Base */,
			);
			name = Main.storyboard;
			sourceTree = "<group>";
		};
		F9990FD81B41D393005D6A5D /* LaunchScreen.xib */ = {
			isa = PBXVariantGroup;
			children = (
				F9990FD91B41D393005D6A5D /* Base */,
			);
			name = LaunchScreen.xib;
			sourceTree = "<group>";
		};
/* End PBXVariantGroup section */

/* Begin XCBuildConfiguration section */
		F9990FE71B41D394005D6A5D /* Debug */ = {
			isa = XCBuildConfiguration;
			buildSettings = {
				ALWAYS_SEARCH_USER_PATHS = NO;
				CLANG_CXX_LANGUAGE_STANDARD = "gnu++0x";
				CLANG_CXX_LIBRARY = "libc++";
				CLANG_ENABLE_MODULES = YES;
				CLANG_ENABLE_OBJC_ARC = YES;
				CLANG_WARN_BOOL_CONVERSION = YES;
				CLANG_WARN_CONSTANT_CONVERSION = YES;
				CLANG_WARN_DIRECT_OBJC_ISA_USAGE = YES_ERROR;
				CLANG_WARN_EMPTY_BODY = YES;
				CLANG_WARN_ENUM_CONVERSION = YES;
				CLANG_WARN_INT_CONVERSION = YES;
				CLANG_WARN_OBJC_ROOT_CLASS = YES_ERROR;
				CLANG_WARN_UNREACHABLE_CODE = YES;
				CLANG_WARN__DUPLICATE_METHOD_MATCH = YES;
				"CODE_SIGN_IDENTITY[sdk=iphoneos*]" = "iPhone Developer";
				COPY_PHASE_STRIP = NO;
				DEBUG_INFORMATION_FORMAT = "dwarf-with-dsym";
				ENABLE_STRICT_OBJC_MSGSEND = YES;
				GCC_C_LANGUAGE_STANDARD = gnu99;
				GCC_DYNAMIC_NO_PIC = NO;
				GCC_NO_COMMON_BLOCKS = YES;
				GCC_OPTIMIZATION_LEVEL = 0;
				GCC_PREPROCESSOR_DEFINITIONS = (
					"DEBUG=1",
					"$(inherited)",
				);
				GCC_SYMBOLS_PRIVATE_EXTERN = NO;
				GCC_WARN_64_TO_32_BIT_CONVERSION = YES;
				GCC_WARN_ABOUT_RETURN_TYPE = YES_ERROR;
				GCC_WARN_UNDECLARED_SELECTOR = YES;
				GCC_WARN_UNINITIALIZED_AUTOS = YES_AGGRESSIVE;
				GCC_WARN_UNUSED_FUNCTION = YES;
				GCC_WARN_UNUSED_VARIABLE = YES;
				IPHONEOS_DEPLOYMENT_TARGET = 8.3;
				MTL_ENABLE_DEBUG_INFO = YES;
				ONLY_ACTIVE_ARCH = YES;
				SDKROOT = iphoneos;
				SWIFT_OPTIMIZATION_LEVEL = "-Onone";
			};
			name = Debug;
		};
		F9990FE81B41D394005D6A5D /* Release */ = {
			isa = XCBuildConfiguration;
			buildSettings = {
				ALWAYS_SEARCH_USER_PATHS = NO;
				CLANG_CXX_LANGUAGE_STANDARD = "gnu++0x";
				CLANG_CXX_LIBRARY = "libc++";
				CLANG_ENABLE_MODULES = YES;
				CLANG_ENABLE_OBJC_ARC = YES;
				CLANG_WARN_BOOL_CONVERSION = YES;
				CLANG_WARN_CONSTANT_CONVERSION = YES;
				CLANG_WARN_DIRECT_OBJC_ISA_USAGE = YES_ERROR;
				CLANG_WARN_EMPTY_BODY = YES;
				CLANG_WARN_ENUM_CONVERSION = YES;
				CLANG_WARN_INT_CONVERSION = YES;
				CLANG_WARN_OBJC_ROOT_CLASS = YES_ERROR;
				CLANG_WARN_UNREACHABLE_CODE = YES;
				CLANG_WARN__DUPLICATE_METHOD_MATCH = YES;
				"CODE_SIGN_IDENTITY[sdk=iphoneos*]" = "iPhone Developer";
				COPY_PHASE_STRIP = NO;
				DEBUG_INFORMATION_FORMAT = "dwarf-with-dsym";
				ENABLE_NS_ASSERTIONS = NO;
				ENABLE_STRICT_OBJC_MSGSEND = YES;
				GCC_C_LANGUAGE_STANDARD = gnu99;
				GCC_NO_COMMON_BLOCKS = YES;
				GCC_WARN_64_TO_32_BIT_CONVERSION = YES;
				GCC_WARN_ABOUT_RETURN_TYPE = YES_ERROR;
				GCC_WARN_UNDECLARED_SELECTOR = YES;
				GCC_WARN_UNINITIALIZED_AUTOS = YES_AGGRESSIVE;
				GCC_WARN_UNUSED_FUNCTION = YES;
				GCC_WARN_UNUSED_VARIABLE = YES;
				IPHONEOS_DEPLOYMENT_TARGET = 8.3;
				MTL_ENABLE_DEBUG_INFO = NO;
				SDKROOT = iphoneos;
				VALIDATE_PRODUCT = YES;
			};
			name = Release;
		};
		F9990FEA1B41D394005D6A5D /* Debug */ = {
			isa = XCBuildConfiguration;
			buildSettings = {
				ASSETCATALOG_COMPILER_APPICON_NAME = AppIcon;
				INFOPLIST_FILE = ProfileWithScroll/Info.plist;
				LD_RUNPATH_SEARCH_PATHS = "$(inherited) @executable_path/Frameworks";
				PRODUCT_NAME = "$(TARGET_NAME)";
			};
			name = Debug;
		};
		F9990FEB1B41D394005D6A5D /* Release */ = {
			isa = XCBuildConfiguration;
			buildSettings = {
				ASSETCATALOG_COMPILER_APPICON_NAME = AppIcon;
				INFOPLIST_FILE = ProfileWithScroll/Info.plist;
				LD_RUNPATH_SEARCH_PATHS = "$(inherited) @executable_path/Frameworks";
				PRODUCT_NAME = "$(TARGET_NAME)";
			};
			name = Release;
		};
		F9990FED1B41D394005D6A5D /* Debug */ = {
			isa = XCBuildConfiguration;
			buildSettings = {
				BUNDLE_LOADER = "$(TEST_HOST)";
				FRAMEWORK_SEARCH_PATHS = (
					"$(SDKROOT)/Developer/Library/Frameworks",
					"$(inherited)",
				);
				GCC_PREPROCESSOR_DEFINITIONS = (
					"DEBUG=1",
					"$(inherited)",
				);
				INFOPLIST_FILE = ProfileWithScrollTests/Info.plist;
				LD_RUNPATH_SEARCH_PATHS = "$(inherited) @executable_path/Frameworks @loader_path/Frameworks";
				PRODUCT_NAME = "$(TARGET_NAME)";
				TEST_HOST = "$(BUILT_PRODUCTS_DIR)/ProfileWithScroll.app/ProfileWithScroll";
			};
			name = Debug;
		};
		F9990FEE1B41D394005D6A5D /* Release */ = {
			isa = XCBuildConfiguration;
			buildSettings = {
				BUNDLE_LOADER = "$(TEST_HOST)";
				FRAMEWORK_SEARCH_PATHS = (
					"$(SDKROOT)/Developer/Library/Frameworks",
					"$(inherited)",
				);
				INFOPLIST_FILE = ProfileWithScrollTests/Info.plist;
				LD_RUNPATH_SEARCH_PATHS = "$(inherited) @executable_path/Frameworks @loader_path/Frameworks";
				PRODUCT_NAME = "$(TARGET_NAME)";
				TEST_HOST = "$(BUILT_PRODUCTS_DIR)/ProfileWithScroll.app/ProfileWithScroll";
			};
			name = Release;
		};
/* End XCBuildConfiguration section */

/* Begin XCConfigurationList section */
		F9990FC51B41D393005D6A5D /* Build configuration list for PBXProject "ProfileWithScroll" */ = {
			isa = XCConfigurationList;
			buildConfigurations = (
				F9990FE71B41D394005D6A5D /* Debug */,
				F9990FE81B41D394005D6A5D /* Release */,
			);
			defaultConfigurationIsVisible = 0;
			defaultConfigurationName = Release;
		};
		F9990FE91B41D394005D6A5D /* Build configuration list for PBXNativeTarget "ProfileWithScroll" */ = {
			isa = XCConfigurationList;
			buildConfigurations = (
				F9990FEA1B41D394005D6A5D /* Debug */,
				F9990FEB1B41D394005D6A5D /* Release */,
			);
			defaultConfigurationIsVisible = 0;
		};
		F9990FEC1B41D394005D6A5D /* Build configuration list for PBXNativeTarget "ProfileWithScrollTests" */ = {
			isa = XCConfigurationList;
			buildConfigurations = (
				F9990FED1B41D394005D6A5D /* Debug */,
				F9990FEE1B41D394005D6A5D /* Release */,
			);
			defaultConfigurationIsVisible = 0;
		};
/* End XCConfigurationList section */
	};
	rootObject = F9990FC21B41D393005D6A5D /* Project object */;
}
